
Microsoft Visual Studio Solution File, Format Version 12.00
# Visual Studio Version 16
VisualStudioVersion = 16.0.31205.134
MinimumVisualStudioVersion = 10.0.40219.1
Project("{8BC9CEB8-8B4A-11D0-8D11-00A0C91BC942}") = "PDFRead", "src\PDFRead.vcxproj", "{4A116D52-F60E-4EBF-AF96-69508DC25ED4}"
EndProject
Project("{8BC9CEB8-8B4A-11D0-8D11-00A0C91BC942}") = "libmupdf64", "muPDF\platform\win32\libmupdf64.vcxproj", "{5F615F91-DFF8-4F05-BF48-6222B7D8651A}"
EndProject
Project("{8BC9CEB8-8B4A-11D0-8D11-00A0C91BC942}") = "libresources64", "muPDF\platform\win32\libresources64.vcxproj", "{52DCAB29-C8EE-4422-954C-29AFA6B33E24}"
EndProject
Project("{8BC9CEB8-8B4A-11D0-8D11-00A0C91BC942}") = "libthirdparty64", "muPDF\platform\win32\libthirdparty64.vcxproj", "{5EDCF4FD-0291-4FB9-8D96-D58957CA5E3E}"
EndProject
Project("{8BC9CEB8-8B4A-11D0-8D11-00A0C91BC942}") = "bin2coff", "muPDF\platform\win32\bin2coff.vcxproj", "{BFE316B3-BD90-433A-A20D-C73975F1CAA7}"
EndProject
Global
	GlobalSection(SolutionConfigurationPlatforms) = preSolution
		Debug|x64 = Debug|x64
		Debug|x86 = Debug|x86
		DebugCommercial|x64 = DebugCommercial|x64
		DebugCommercial|x86 = DebugCommercial|x86
		DebugJava|x64 = DebugJava|x64
		DebugJava|x86 = DebugJava|x86
		DebugOpenSSL|x64 = DebugOpenSSL|x64
		DebugOpenSSL|x86 = DebugOpenSSL|x86
		DebugTesseract|x64 = DebugTesseract|x64
		DebugTesseract|x86 = DebugTesseract|x86
		Memento|x64 = Memento|x64
		Memento|x86 = Memento|x86
		MementoCommercial|x64 = MementoCommercial|x64
		MementoCommercial|x86 = MementoCommercial|x86
		MementoOpenSSL|x64 = MementoOpenSSL|x64
		MementoOpenSSL|x86 = MementoOpenSSL|x86
		MementoTesseract|x64 = MementoTesseract|x64
		MementoTesseract|x86 = MementoTesseract|x86
		Release|x64 = Release|x64
		Release|x86 = Release|x86
		ReleaseCommercial|x64 = ReleaseCommercial|x64
		ReleaseCommercial|x86 = ReleaseCommercial|x86
		ReleaseJava|x64 = ReleaseJava|x64
		ReleaseJava|x86 = ReleaseJava|x86
		ReleaseOpenSSL|x64 = ReleaseOpenSSL|x64
		ReleaseOpenSSL|x86 = ReleaseOpenSSL|x86
		ReleaseTesseract|x64 = ReleaseTesseract|x64
		ReleaseTesseract|x86 = ReleaseTesseract|x86
	EndGlobalSection
	GlobalSection(ProjectConfigurationPlatforms) = postSolution
		{4A116D52-F60E-4EBF-AF96-69508DC25ED4}.Debug|x64.ActiveCfg = Debug|x64
		{4A116D52-F60E-4EBF-AF96-69508DC25ED4}.Debug|x64.Build.0 = Debug|x64
		{4A116D52-F60E-4EBF-AF96-69508DC25ED4}.Debug|x86.ActiveCfg = Debug|x64
		{4A116D52-F60E-4EBF-AF96-69508DC25ED4}.DebugCommercial|x64.ActiveCfg = Debug|x64
		{4A116D52-F60E-4EBF-AF96-69508DC25ED4}.DebugCommercial|x64.Build.0 = Debug|x64
		{4A116D52-F60E-4EBF-AF96-69508DC25ED4}.DebugCommercial|x86.ActiveCfg = Debug|x64
		{4A116D52-F60E-4EBF-AF96-69508DC25ED4}.DebugCommercial|x86.Build.0 = Debug|x64
		{4A116D52-F60E-4EBF-AF96-69508DC25ED4}.DebugJava|x64.ActiveCfg = Debug|x64
		{4A116D52-F60E-4EBF-AF96-69508DC25ED4}.DebugJava|x64.Build.0 = Debug|x64
		{4A116D52-F60E-4EBF-AF96-69508DC25ED4}.DebugJava|x86.ActiveCfg = Debug|x64
		{4A116D52-F60E-4EBF-AF96-69508DC25ED4}.DebugJava|x86.Build.0 = Debug|x64
		{4A116D52-F60E-4EBF-AF96-69508DC25ED4}.DebugOpenSSL|x64.ActiveCfg = Debug|x64
		{4A116D52-F60E-4EBF-AF96-69508DC25ED4}.DebugOpenSSL|x64.Build.0 = Debug|x64
		{4A116D52-F60E-4EBF-AF96-69508DC25ED4}.DebugOpenSSL|x86.ActiveCfg = Debug|x64
		{4A116D52-F60E-4EBF-AF96-69508DC25ED4}.DebugOpenSSL|x86.Build.0 = Debug|x64
		{4A116D52-F60E-4EBF-AF96-69508DC25ED4}.DebugTesseract|x64.ActiveCfg = Debug|x64
		{4A116D52-F60E-4EBF-AF96-69508DC25ED4}.DebugTesseract|x64.Build.0 = Debug|x64
		{4A116D52-F60E-4EBF-AF96-69508DC25ED4}.DebugTesseract|x86.ActiveCfg = Debug|x64
		{4A116D52-F60E-4EBF-AF96-69508DC25ED4}.DebugTesseract|x86.Build.0 = Debug|x64
		{4A116D52-F60E-4EBF-AF96-69508DC25ED4}.Memento|x64.ActiveCfg = Debug|x64
		{4A116D52-F60E-4EBF-AF96-69508DC25ED4}.Memento|x64.Build.0 = Debug|x64
		{4A116D52-F60E-4EBF-AF96-69508DC25ED4}.Memento|x86.ActiveCfg = Debug|x64
		{4A116D52-F60E-4EBF-AF96-69508DC25ED4}.Memento|x86.Build.0 = Debug|x64
		{4A116D52-F60E-4EBF-AF96-69508DC25ED4}.MementoCommercial|x64.ActiveCfg = Debug|x64
		{4A116D52-F60E-4EBF-AF96-69508DC25ED4}.MementoCommercial|x64.Build.0 = Debug|x64
		{4A116D52-F60E-4EBF-AF96-69508DC25ED4}.MementoCommercial|x86.ActiveCfg = Debug|x64
		{4A116D52-F60E-4EBF-AF96-69508DC25ED4}.MementoCommercial|x86.Build.0 = Debug|x64
		{4A116D52-F60E-4EBF-AF96-69508DC25ED4}.MementoOpenSSL|x64.ActiveCfg = Debug|x64
		{4A116D52-F60E-4EBF-AF96-69508DC25ED4}.MementoOpenSSL|x64.Build.0 = Debug|x64
		{4A116D52-F60E-4EBF-AF96-69508DC25ED4}.MementoOpenSSL|x86.ActiveCfg = Debug|x64
		{4A116D52-F60E-4EBF-AF96-69508DC25ED4}.MementoOpenSSL|x86.Build.0 = Debug|x64
		{4A116D52-F60E-4EBF-AF96-69508DC25ED4}.MementoTesseract|x64.ActiveCfg = Debug|x64
		{4A116D52-F60E-4EBF-AF96-69508DC25ED4}.MementoTesseract|x64.Build.0 = Debug|x64
		{4A116D52-F60E-4EBF-AF96-69508DC25ED4}.MementoTesseract|x86.ActiveCfg = Debug|x64
		{4A116D52-F60E-4EBF-AF96-69508DC25ED4}.MementoTesseract|x86.Build.0 = Debug|x64
		{4A116D52-F60E-4EBF-AF96-69508DC25ED4}.Release|x64.ActiveCfg = Release|x64
		{4A116D52-F60E-4EBF-AF96-69508DC25ED4}.Release|x64.Build.0 = Release|x64
		{4A116D52-F60E-4EBF-AF96-69508DC25ED4}.Release|x86.ActiveCfg = Release|x64
		{4A116D52-F60E-4EBF-AF96-69508DC25ED4}.ReleaseCommercial|x64.ActiveCfg = Release|x64
		{4A116D52-F60E-4EBF-AF96-69508DC25ED4}.ReleaseCommercial|x64.Build.0 = Release|x64
		{4A116D52-F60E-4EBF-AF96-69508DC25ED4}.ReleaseCommercial|x86.ActiveCfg = Debug|x64
		{4A116D52-F60E-4EBF-AF96-69508DC25ED4}.ReleaseCommercial|x86.Build.0 = Debug|x64
		{4A116D52-F60E-4EBF-AF96-69508DC25ED4}.ReleaseJava|x64.ActiveCfg = Release|x64
		{4A116D52-F60E-4EBF-AF96-69508DC25ED4}.ReleaseJava|x64.Build.0 = Release|x64
		{4A116D52-F60E-4EBF-AF96-69508DC25ED4}.ReleaseJava|x86.ActiveCfg = Debug|x64
		{4A116D52-F60E-4EBF-AF96-69508DC25ED4}.ReleaseJava|x86.Build.0 = Debug|x64
		{4A116D52-F60E-4EBF-AF96-69508DC25ED4}.ReleaseOpenSSL|x64.ActiveCfg = Release|x64
		{4A116D52-F60E-4EBF-AF96-69508DC25ED4}.ReleaseOpenSSL|x64.Build.0 = Release|x64
		{4A116D52-F60E-4EBF-AF96-69508DC25ED4}.ReleaseOpenSSL|x86.ActiveCfg = Debug|x64
		{4A116D52-F60E-4EBF-AF96-69508DC25ED4}.ReleaseOpenSSL|x86.Build.0 = Debug|x64
		{4A116D52-F60E-4EBF-AF96-69508DC25ED4}.ReleaseTesseract|x64.ActiveCfg = Release|x64
		{4A116D52-F60E-4EBF-AF96-69508DC25ED4}.ReleaseTesseract|x64.Build.0 = Release|x64
		{4A116D52-F60E-4EBF-AF96-69508DC25ED4}.ReleaseTesseract|x86.ActiveCfg = Debug|x64
		{4A116D52-F60E-4EBF-AF96-69508DC25ED4}.ReleaseTesseract|x86.Build.0 = Debug|x64
		{5F615F91-DFF8-4F05-BF48-6222B7D8651A}.Debug|x64.ActiveCfg = Debug|x64
		{5F615F91-DFF8-4F05-BF48-6222B7D8651A}.Debug|x64.Build.0 = Debug|x64
		{5F615F91-DFF8-4F05-BF48-6222B7D8651A}.Debug|x86.ActiveCfg = Debug|Win32
		{5F615F91-DFF8-4F05-BF48-6222B7D8651A}.Debug|x86.Build.0 = Debug|Win32
		{5F615F91-DFF8-4F05-BF48-6222B7D8651A}.DebugCommercial|x64.ActiveCfg = DebugCommercial|x64
		{5F615F91-DFF8-4F05-BF48-6222B7D8651A}.DebugCommercial|x64.Build.0 = DebugCommercial|x64
		{5F615F91-DFF8-4F05-BF48-6222B7D8651A}.DebugCommercial|x86.ActiveCfg = DebugCommercial|Win32
		{5F615F91-DFF8-4F05-BF48-6222B7D8651A}.DebugCommercial|x86.Build.0 = DebugCommercial|Win32
		{5F615F91-DFF8-4F05-BF48-6222B7D8651A}.DebugJava|x64.ActiveCfg = DebugJava|x64
		{5F615F91-DFF8-4F05-BF48-6222B7D8651A}.DebugJava|x64.Build.0 = DebugJava|x64
		{5F615F91-DFF8-4F05-BF48-6222B7D8651A}.DebugJava|x86.ActiveCfg = DebugJava|Win32
		{5F615F91-DFF8-4F05-BF48-6222B7D8651A}.DebugJava|x86.Build.0 = DebugJava|Win32
		{5F615F91-DFF8-4F05-BF48-6222B7D8651A}.DebugOpenSSL|x64.ActiveCfg = DebugOpenSSL|x64
		{5F615F91-DFF8-4F05-BF48-6222B7D8651A}.DebugOpenSSL|x64.Build.0 = DebugOpenSSL|x64
		{5F615F91-DFF8-4F05-BF48-6222B7D8651A}.DebugOpenSSL|x86.ActiveCfg = DebugOpenSSL|Win32
		{5F615F91-DFF8-4F05-BF48-6222B7D8651A}.DebugOpenSSL|x86.Build.0 = DebugOpenSSL|Win32
		{5F615F91-DFF8-4F05-BF48-6222B7D8651A}.DebugTesseract|x64.ActiveCfg = DebugTesseract|x64
		{5F615F91-DFF8-4F05-BF48-6222B7D8651A}.DebugTesseract|x64.Build.0 = DebugTesseract|x64
		{5F615F91-DFF8-4F05-BF48-6222B7D8651A}.DebugTesseract|x86.ActiveCfg = DebugTesseract|Win32
		{5F615F91-DFF8-4F05-BF48-6222B7D8651A}.DebugTesseract|x86.Build.0 = DebugTesseract|Win32
		{5F615F91-DFF8-4F05-BF48-6222B7D8651A}.Memento|x64.ActiveCfg = Memento|x64
		{5F615F91-DFF8-4F05-BF48-6222B7D8651A}.Memento|x64.Build.0 = Memento|x64
		{5F615F91-DFF8-4F05-BF48-6222B7D8651A}.Memento|x86.ActiveCfg = Memento|Win32
		{5F615F91-DFF8-4F05-BF48-6222B7D8651A}.Memento|x86.Build.0 = Memento|Win32
		{5F615F91-DFF8-4F05-BF48-6222B7D8651A}.MementoCommercial|x64.ActiveCfg = MementoCommercial|x64
		{5F615F91-DFF8-4F05-BF48-6222B7D8651A}.MementoCommercial|x64.Build.0 = MementoCommercial|x64
		{5F615F91-DFF8-4F05-BF48-6222B7D8651A}.MementoCommercial|x86.ActiveCfg = MementoCommercial|Win32
		{5F615F91-DFF8-4F05-BF48-6222B7D8651A}.MementoCommercial|x86.Build.0 = MementoCommercial|Win32
		{5F615F91-DFF8-4F05-BF48-6222B7D8651A}.MementoOpenSSL|x64.ActiveCfg = MementoOpenSSL|x64
		{5F615F91-DFF8-4F05-BF48-6222B7D8651A}.MementoOpenSSL|x64.Build.0 = MementoOpenSSL|x64
		{5F615F91-DFF8-4F05-BF48-6222B7D8651A}.MementoOpenSSL|x86.ActiveCfg = MementoOpenSSL|Win32
		{5F615F91-DFF8-4F05-BF48-6222B7D8651A}.MementoOpenSSL|x86.Build.0 = MementoOpenSSL|Win32
		{5F615F91-DFF8-4F05-BF48-6222B7D8651A}.MementoTesseract|x64.ActiveCfg = MementoTesseract|x64
		{5F615F91-DFF8-4F05-BF48-6222B7D8651A}.MementoTesseract|x64.Build.0 = MementoTesseract|x64
		{5F615F91-DFF8-4F05-BF48-6222B7D8651A}.MementoTesseract|x86.ActiveCfg = MementoTesseract|Win32
		{5F615F91-DFF8-4F05-BF48-6222B7D8651A}.MementoTesseract|x86.Build.0 = MementoTesseract|Win32
		{5F615F91-DFF8-4F05-BF48-6222B7D8651A}.Release|x64.ActiveCfg = Release|x64
		{5F615F91-DFF8-4F05-BF48-6222B7D8651A}.Release|x64.Build.0 = Release|x64
		{5F615F91-DFF8-4F05-BF48-6222B7D8651A}.Release|x86.ActiveCfg = Release|Win32
		{5F615F91-DFF8-4F05-BF48-6222B7D8651A}.Release|x86.Build.0 = Release|Win32
		{5F615F91-DFF8-4F05-BF48-6222B7D8651A}.ReleaseCommercial|x64.ActiveCfg = ReleaseCommercial|x64
		{5F615F91-DFF8-4F05-BF48-6222B7D8651A}.ReleaseCommercial|x64.Build.0 = ReleaseCommercial|x64
		{5F615F91-DFF8-4F05-BF48-6222B7D8651A}.ReleaseCommercial|x86.ActiveCfg = ReleaseCommercial|Win32
		{5F615F91-DFF8-4F05-BF48-6222B7D8651A}.ReleaseCommercial|x86.Build.0 = ReleaseCommercial|Win32
		{5F615F91-DFF8-4F05-BF48-6222B7D8651A}.ReleaseJava|x64.ActiveCfg = ReleaseJava|x64
		{5F615F91-DFF8-4F05-BF48-6222B7D8651A}.ReleaseJava|x64.Build.0 = ReleaseJava|x64
		{5F615F91-DFF8-4F05-BF48-6222B7D8651A}.ReleaseJava|x86.ActiveCfg = ReleaseJava|Win32
		{5F615F91-DFF8-4F05-BF48-6222B7D8651A}.ReleaseJava|x86.Build.0 = ReleaseJava|Win32
		{5F615F91-DFF8-4F05-BF48-6222B7D8651A}.ReleaseOpenSSL|x64.ActiveCfg = ReleaseOpenSSL|x64
		{5F615F91-DFF8-4F05-BF48-6222B7D8651A}.ReleaseOpenSSL|x64.Build.0 = ReleaseOpenSSL|x64
		{5F615F91-DFF8-4F05-BF48-6222B7D8651A}.ReleaseOpenSSL|x86.ActiveCfg = ReleaseOpenSSL|Win32
		{5F615F91-DFF8-4F05-BF48-6222B7D8651A}.ReleaseOpenSSL|x86.Build.0 = ReleaseOpenSSL|Win32
		{5F615F91-DFF8-4F05-BF48-6222B7D8651A}.ReleaseTesseract|x64.ActiveCfg = ReleaseTesseract|x64
		{5F615F91-DFF8-4F05-BF48-6222B7D8651A}.ReleaseTesseract|x64.Build.0 = ReleaseTesseract|x64
		{5F615F91-DFF8-4F05-BF48-6222B7D8651A}.ReleaseTesseract|x86.ActiveCfg = ReleaseTesseract|Win32
		{5F615F91-DFF8-4F05-BF48-6222B7D8651A}.ReleaseTesseract|x86.Build.0 = ReleaseTesseract|Win32
		{52DCAB29-C8EE-4422-954C-29AFA6B33E24}.Debug|x64.ActiveCfg = Release|x64
		{52DCAB29-C8EE-4422-954C-29AFA6B33E24}.Debug|x64.Build.0 = Release|x64
		{52DCAB29-C8EE-4422-954C-29AFA6B33E24}.Debug|x86.ActiveCfg = Release|Win32
		{52DCAB29-C8EE-4422-954C-29AFA6B33E24}.Debug|x86.Build.0 = Release|Win32
		{52DCAB29-C8EE-4422-954C-29AFA6B33E24}.DebugCommercial|x64.ActiveCfg = Release|x64
		{52DCAB29-C8EE-4422-954C-29AFA6B33E24}.DebugCommercial|x64.Build.0 = Release|x64
		{52DCAB29-C8EE-4422-954C-29AFA6B33E24}.DebugCommercial|x86.ActiveCfg = Release|Win32
		{52DCAB29-C8EE-4422-954C-29AFA6B33E24}.DebugCommercial|x86.Build.0 = Release|Win32
		{52DCAB29-C8EE-4422-954C-29AFA6B33E24}.DebugJava|x64.ActiveCfg = Release|x64
		{52DCAB29-C8EE-4422-954C-29AFA6B33E24}.DebugJava|x64.Build.0 = Release|x64
		{52DCAB29-C8EE-4422-954C-29AFA6B33E24}.DebugJava|x86.ActiveCfg = Release|Win32
		{52DCAB29-C8EE-4422-954C-29AFA6B33E24}.DebugJava|x86.Build.0 = Release|Win32
		{52DCAB29-C8EE-4422-954C-29AFA6B33E24}.DebugOpenSSL|x64.ActiveCfg = Release|x64
		{52DCAB29-C8EE-4422-954C-29AFA6B33E24}.DebugOpenSSL|x64.Build.0 = Release|x64
		{52DCAB29-C8EE-4422-954C-29AFA6B33E24}.DebugOpenSSL|x86.ActiveCfg = Release|Win32
		{52DCAB29-C8EE-4422-954C-29AFA6B33E24}.DebugOpenSSL|x86.Build.0 = Release|Win32
		{52DCAB29-C8EE-4422-954C-29AFA6B33E24}.DebugTesseract|x64.ActiveCfg = Release|x64
		{52DCAB29-C8EE-4422-954C-29AFA6B33E24}.DebugTesseract|x64.Build.0 = Release|x64
		{52DCAB29-C8EE-4422-954C-29AFA6B33E24}.DebugTesseract|x86.ActiveCfg = Release|Win32
		{52DCAB29-C8EE-4422-954C-29AFA6B33E24}.DebugTesseract|x86.Build.0 = Release|Win32
		{52DCAB29-C8EE-4422-954C-29AFA6B33E24}.Memento|x64.ActiveCfg = Release|x64
		{52DCAB29-C8EE-4422-954C-29AFA6B33E24}.Memento|x64.Build.0 = Release|x64
		{52DCAB29-C8EE-4422-954C-29AFA6B33E24}.Memento|x86.ActiveCfg = Release|Win32
		{52DCAB29-C8EE-4422-954C-29AFA6B33E24}.Memento|x86.Build.0 = Release|Win32
		{52DCAB29-C8EE-4422-954C-29AFA6B33E24}.MementoCommercial|x64.ActiveCfg = Release|x64
		{52DCAB29-C8EE-4422-954C-29AFA6B33E24}.MementoCommercial|x64.Build.0 = Release|x64
		{52DCAB29-C8EE-4422-954C-29AFA6B33E24}.MementoCommercial|x86.ActiveCfg = Release|Win32
		{52DCAB29-C8EE-4422-954C-29AFA6B33E24}.MementoCommercial|x86.Build.0 = Release|Win32
		{52DCAB29-C8EE-4422-954C-29AFA6B33E24}.MementoOpenSSL|x64.ActiveCfg = Release|x64
		{52DCAB29-C8EE-4422-954C-29AFA6B33E24}.MementoOpenSSL|x64.Build.0 = Release|x64
		{52DCAB29-C8EE-4422-954C-29AFA6B33E24}.MementoOpenSSL|x86.ActiveCfg = Release|Win32
		{52DCAB29-C8EE-4422-954C-29AFA6B33E24}.MementoOpenSSL|x86.Build.0 = Release|Win32
		{52DCAB29-C8EE-4422-954C-29AFA6B33E24}.MementoTesseract|x64.ActiveCfg = Release|x64
		{52DCAB29-C8EE-4422-954C-29AFA6B33E24}.MementoTesseract|x64.Build.0 = Release|x64
		{52DCAB29-C8EE-4422-954C-29AFA6B33E24}.MementoTesseract|x86.ActiveCfg = Release|Win32
		{52DCAB29-C8EE-4422-954C-29AFA6B33E24}.MementoTesseract|x86.Build.0 = Release|Win32
		{52DCAB29-C8EE-4422-954C-29AFA6B33E24}.Release|x64.ActiveCfg = Release|x64
		{52DCAB29-C8EE-4422-954C-29AFA6B33E24}.Release|x64.Build.0 = Release|x64
		{52DCAB29-C8EE-4422-954C-29AFA6B33E24}.Release|x86.ActiveCfg = Release|Win32
		{52DCAB29-C8EE-4422-954C-29AFA6B33E24}.Release|x86.Build.0 = Release|Win32
		{52DCAB29-C8EE-4422-954C-29AFA6B33E24}.ReleaseCommercial|x64.ActiveCfg = Release|x64
		{52DCAB29-C8EE-4422-954C-29AFA6B33E24}.ReleaseCommercial|x64.Build.0 = Release|x64
		{52DCAB29-C8EE-4422-954C-29AFA6B33E24}.ReleaseCommercial|x86.ActiveCfg = Release|Win32
		{52DCAB29-C8EE-4422-954C-29AFA6B33E24}.ReleaseCommercial|x86.Build.0 = Release|Win32
		{52DCAB29-C8EE-4422-954C-29AFA6B33E24}.ReleaseJava|x64.ActiveCfg = Release|x64
		{52DCAB29-C8EE-4422-954C-29AFA6B33E24}.ReleaseJava|x64.Build.0 = Release|x64
		{52DCAB29-C8EE-4422-954C-29AFA6B33E24}.ReleaseJava|x86.ActiveCfg = Release|Win32
		{52DCAB29-C8EE-4422-954C-29AFA6B33E24}.ReleaseJava|x86.Build.0 = Release|Win32
		{52DCAB29-C8EE-4422-954C-29AFA6B33E24}.ReleaseOpenSSL|x64.ActiveCfg = Release|x64
		{52DCAB29-C8EE-4422-954C-29AFA6B33E24}.ReleaseOpenSSL|x64.Build.0 = Release|x64
		{52DCAB29-C8EE-4422-954C-29AFA6B33E24}.ReleaseOpenSSL|x86.ActiveCfg = Release|Win32
		{52DCAB29-C8EE-4422-954C-29AFA6B33E24}.ReleaseOpenSSL|x86.Build.0 = Release|Win32
		{52DCAB29-C8EE-4422-954C-29AFA6B33E24}.ReleaseTesseract|x64.ActiveCfg = Release|x64
		{52DCAB29-C8EE-4422-954C-29AFA6B33E24}.ReleaseTesseract|x64.Build.0 = Release|x64
		{52DCAB29-C8EE-4422-954C-29AFA6B33E24}.ReleaseTesseract|x86.ActiveCfg = Release|Win32
		{52DCAB29-C8EE-4422-954C-29AFA6B33E24}.ReleaseTesseract|x86.Build.0 = Release|Win32
		{5EDCF4FD-0291-4FB9-8D96-D58957CA5E3E}.Debug|x64.ActiveCfg = Debug|x64
		{5EDCF4FD-0291-4FB9-8D96-D58957CA5E3E}.Debug|x64.Build.0 = Debug|x64
		{5EDCF4FD-0291-4FB9-8D96-D58957CA5E3E}.Debug|x86.ActiveCfg = Debug|Win32
		{5EDCF4FD-0291-4FB9-8D96-D58957CA5E3E}.Debug|x86.Build.0 = Debug|Win32
		{5EDCF4FD-0291-4FB9-8D96-D58957CA5E3E}.DebugCommercial|x64.ActiveCfg = DebugJava|x64
		{5EDCF4FD-0291-4FB9-8D96-D58957CA5E3E}.DebugCommercial|x64.Build.0 = DebugJava|x64
		{5EDCF4FD-0291-4FB9-8D96-D58957CA5E3E}.DebugCommercial|x86.ActiveCfg = Debug|Win32
		{5EDCF4FD-0291-4FB9-8D96-D58957CA5E3E}.DebugCommercial|x86.Build.0 = Debug|Win32
		{5EDCF4FD-0291-4FB9-8D96-D58957CA5E3E}.DebugJava|x64.ActiveCfg = DebugJava|x64
		{5EDCF4FD-0291-4FB9-8D96-D58957CA5E3E}.DebugJava|x64.Build.0 = DebugJava|x64
		{5EDCF4FD-0291-4FB9-8D96-D58957CA5E3E}.DebugJava|x86.ActiveCfg = DebugJava|Win32
		{5EDCF4FD-0291-4FB9-8D96-D58957CA5E3E}.DebugJava|x86.Build.0 = DebugJava|Win32
		{5EDCF4FD-0291-4FB9-8D96-D58957CA5E3E}.DebugOpenSSL|x64.ActiveCfg = DebugJava|x64
		{5EDCF4FD-0291-4FB9-8D96-D58957CA5E3E}.DebugOpenSSL|x64.Build.0 = DebugJava|x64
		{5EDCF4FD-0291-4FB9-8D96-D58957CA5E3E}.DebugOpenSSL|x86.ActiveCfg = Debug|Win32
		{5EDCF4FD-0291-4FB9-8D96-D58957CA5E3E}.DebugOpenSSL|x86.Build.0 = Debug|Win32
		{5EDCF4FD-0291-4FB9-8D96-D58957CA5E3E}.DebugTesseract|x64.ActiveCfg = DebugJava|x64
		{5EDCF4FD-0291-4FB9-8D96-D58957CA5E3E}.DebugTesseract|x64.Build.0 = DebugJava|x64
		{5EDCF4FD-0291-4FB9-8D96-D58957CA5E3E}.DebugTesseract|x86.ActiveCfg = Debug|Win32
		{5EDCF4FD-0291-4FB9-8D96-D58957CA5E3E}.DebugTesseract|x86.Build.0 = Debug|Win32
		{5EDCF4FD-0291-4FB9-8D96-D58957CA5E3E}.Memento|x64.ActiveCfg = Memento|x64
		{5EDCF4FD-0291-4FB9-8D96-D58957CA5E3E}.Memento|x64.Build.0 = Memento|x64
		{5EDCF4FD-0291-4FB9-8D96-D58957CA5E3E}.Memento|x86.ActiveCfg = Memento|Win32
		{5EDCF4FD-0291-4FB9-8D96-D58957CA5E3E}.Memento|x86.Build.0 = Memento|Win32
		{5EDCF4FD-0291-4FB9-8D96-D58957CA5E3E}.MementoCommercial|x64.ActiveCfg = Memento|x64
		{5EDCF4FD-0291-4FB9-8D96-D58957CA5E3E}.MementoCommercial|x64.Build.0 = Memento|x64
		{5EDCF4FD-0291-4FB9-8D96-D58957CA5E3E}.MementoCommercial|x86.ActiveCfg = Memento|Win32
		{5EDCF4FD-0291-4FB9-8D96-D58957CA5E3E}.MementoCommercial|x86.Build.0 = Memento|Win32
		{5EDCF4FD-0291-4FB9-8D96-D58957CA5E3E}.MementoOpenSSL|x64.ActiveCfg = Memento|x64
		{5EDCF4FD-0291-4FB9-8D96-D58957CA5E3E}.MementoOpenSSL|x64.Build.0 = Memento|x64
		{5EDCF4FD-0291-4FB9-8D96-D58957CA5E3E}.MementoOpenSSL|x86.ActiveCfg = Memento|Win32
		{5EDCF4FD-0291-4FB9-8D96-D58957CA5E3E}.MementoOpenSSL|x86.Build.0 = Memento|Win32
		{5EDCF4FD-0291-4FB9-8D96-D58957CA5E3E}.MementoTesseract|x64.ActiveCfg = Memento|x64
		{5EDCF4FD-0291-4FB9-8D96-D58957CA5E3E}.MementoTesseract|x64.Build.0 = Memento|x64
		{5EDCF4FD-0291-4FB9-8D96-D58957CA5E3E}.MementoTesseract|x86.ActiveCfg = Memento|Win32
		{5EDCF4FD-0291-4FB9-8D96-D58957CA5E3E}.MementoTesseract|x86.Build.0 = Memento|Win32
		{5EDCF4FD-0291-4FB9-8D96-D58957CA5E3E}.Release|x64.ActiveCfg = Release|x64
		{5EDCF4FD-0291-4FB9-8D96-D58957CA5E3E}.Release|x64.Build.0 = Release|x64
		{5EDCF4FD-0291-4FB9-8D96-D58957CA5E3E}.Release|x86.ActiveCfg = Release|Win32
		{5EDCF4FD-0291-4FB9-8D96-D58957CA5E3E}.Release|x86.Build.0 = Release|Win32
		{5EDCF4FD-0291-4FB9-8D96-D58957CA5E3E}.ReleaseCommercial|x64.ActiveCfg = ReleaseJava|x64
		{5EDCF4FD-0291-4FB9-8D96-D58957CA5E3E}.ReleaseCommercial|x64.Build.0 = ReleaseJava|x64
		{5EDCF4FD-0291-4FB9-8D96-D58957CA5E3E}.ReleaseCommercial|x86.ActiveCfg = ReleaseJava|Win32
		{5EDCF4FD-0291-4FB9-8D96-D58957CA5E3E}.ReleaseCommercial|x86.Build.0 = ReleaseJava|Win32
		{5EDCF4FD-0291-4FB9-8D96-D58957CA5E3E}.ReleaseJava|x64.ActiveCfg = ReleaseJava|x64
		{5EDCF4FD-0291-4FB9-8D96-D58957CA5E3E}.ReleaseJava|x64.Build.0 = ReleaseJava|x64
		{5EDCF4FD-0291-4FB9-8D96-D58957CA5E3E}.ReleaseJava|x86.ActiveCfg = ReleaseJava|Win32
		{5EDCF4FD-0291-4FB9-8D96-D58957CA5E3E}.ReleaseJava|x86.Build.0 = ReleaseJava|Win32
		{5EDCF4FD-0291-4FB9-8D96-D58957CA5E3E}.ReleaseOpenSSL|x64.ActiveCfg = ReleaseJava|x64
		{5EDCF4FD-0291-4FB9-8D96-D58957CA5E3E}.ReleaseOpenSSL|x64.Build.0 = ReleaseJava|x64
		{5EDCF4FD-0291-4FB9-8D96-D58957CA5E3E}.ReleaseOpenSSL|x86.ActiveCfg = ReleaseJava|Win32
		{5EDCF4FD-0291-4FB9-8D96-D58957CA5E3E}.ReleaseOpenSSL|x86.Build.0 = ReleaseJava|Win32
		{5EDCF4FD-0291-4FB9-8D96-D58957CA5E3E}.ReleaseTesseract|x64.ActiveCfg = ReleaseJava|x64
		{5EDCF4FD-0291-4FB9-8D96-D58957CA5E3E}.ReleaseTesseract|x64.Build.0 = ReleaseJava|x64
		{5EDCF4FD-0291-4FB9-8D96-D58957CA5E3E}.ReleaseTesseract|x86.ActiveCfg = ReleaseJava|Win32
		{5EDCF4FD-0291-4FB9-8D96-D58957CA5E3E}.ReleaseTesseract|x86.Build.0 = ReleaseJava|Win32
		{BFE316B3-BD90-433A-A20D-C73975F1CAA7}.Debug|x64.ActiveCfg = Release|Win32
		{BFE316B3-BD90-433A-A20D-C73975F1CAA7}.Debug|x64.Build.0 = Release|Win32
		{BFE316B3-BD90-433A-A20D-C73975F1CAA7}.Debug|x86.ActiveCfg = Release|Win32
		{BFE316B3-BD90-433A-A20D-C73975F1CAA7}.Debug|x86.Build.0 = Release|Win32
		{BFE316B3-BD90-433A-A20D-C73975F1CAA7}.DebugCommercial|x64.ActiveCfg = Release|Win32
		{BFE316B3-BD90-433A-A20D-C73975F1CAA7}.DebugCommercial|x64.Build.0 = Release|Win32
		{BFE316B3-BD90-433A-A20D-C73975F1CAA7}.DebugCommercial|x86.ActiveCfg = Release|Win32
		{BFE316B3-BD90-433A-A20D-C73975F1CAA7}.DebugCommercial|x86.Build.0 = Release|Win32
		{BFE316B3-BD90-433A-A20D-C73975F1CAA7}.DebugJava|x64.ActiveCfg = Release|Win32
		{BFE316B3-BD90-433A-A20D-C73975F1CAA7}.DebugJava|x64.Build.0 = Release|Win32
		{BFE316B3-BD90-433A-A20D-C73975F1CAA7}.DebugJava|x86.ActiveCfg = Release|Win32
		{BFE316B3-BD90-433A-A20D-C73975F1CAA7}.DebugJava|x86.Build.0 = Release|Win32
		{BFE316B3-BD90-433A-A20D-C73975F1CAA7}.DebugOpenSSL|x64.ActiveCfg = Release|Win32
		{BFE316B3-BD90-433A-A20D-C73975F1CAA7}.DebugOpenSSL|x64.Build.0 = Release|Win32
		{BFE316B3-BD90-433A-A20D-C73975F1CAA7}.DebugOpenSSL|x86.ActiveCfg = Release|Win32
		{BFE316B3-BD90-433A-A20D-C73975F1CAA7}.DebugOpenSSL|x86.Build.0 = Release|Win32
		{BFE316B3-BD90-433A-A20D-C73975F1CAA7}.DebugTesseract|x64.ActiveCfg = Release|Win32
		{BFE316B3-BD90-433A-A20D-C73975F1CAA7}.DebugTesseract|x64.Build.0 = Release|Win32
		{BFE316B3-BD90-433A-A20D-C73975F1CAA7}.DebugTesseract|x86.ActiveCfg = Release|Win32
		{BFE316B3-BD90-433A-A20D-C73975F1CAA7}.DebugTesseract|x86.Build.0 = Release|Win32
		{BFE316B3-BD90-433A-A20D-C73975F1CAA7}.Memento|x64.ActiveCfg = Release|Win32
		{BFE316B3-BD90-433A-A20D-C73975F1CAA7}.Memento|x64.Build.0 = Release|Win32
		{BFE316B3-BD90-433A-A20D-C73975F1CAA7}.Memento|x86.ActiveCfg = Release|Win32
		{BFE316B3-BD90-433A-A20D-C73975F1CAA7}.Memento|x86.Build.0 = Release|Win32
		{BFE316B3-BD90-433A-A20D-C73975F1CAA7}.MementoCommercial|x64.ActiveCfg = Release|Win32
		{BFE316B3-BD90-433A-A20D-C73975F1CAA7}.MementoCommercial|x64.Build.0 = Release|Win32
		{BFE316B3-BD90-433A-A20D-C73975F1CAA7}.MementoCommercial|x86.ActiveCfg = Release|Win32
		{BFE316B3-BD90-433A-A20D-C73975F1CAA7}.MementoCommercial|x86.Build.0 = Release|Win32
		{BFE316B3-BD90-433A-A20D-C73975F1CAA7}.MementoOpenSSL|x64.ActiveCfg = Release|Win32
		{BFE316B3-BD90-433A-A20D-C73975F1CAA7}.MementoOpenSSL|x64.Build.0 = Release|Win32
		{BFE316B3-BD90-433A-A20D-C73975F1CAA7}.MementoOpenSSL|x86.ActiveCfg = Release|Win32
		{BFE316B3-BD90-433A-A20D-C73975F1CAA7}.MementoOpenSSL|x86.Build.0 = Release|Win32
		{BFE316B3-BD90-433A-A20D-C73975F1CAA7}.MementoTesseract|x64.ActiveCfg = Release|Win32
		{BFE316B3-BD90-433A-A20D-C73975F1CAA7}.MementoTesseract|x64.Build.0 = Release|Win32
		{BFE316B3-BD90-433A-A20D-C73975F1CAA7}.MementoTesseract|x86.ActiveCfg = Release|Win32
		{BFE316B3-BD90-433A-A20D-C73975F1CAA7}.MementoTesseract|x86.Build.0 = Release|Win32
		{BFE316B3-BD90-433A-A20D-C73975F1CAA7}.Release|x64.ActiveCfg = Release|Win32
		{BFE316B3-BD90-433A-A20D-C73975F1CAA7}.Release|x86.ActiveCfg = Release|Win32
		{BFE316B3-BD90-433A-A20D-C73975F1CAA7}.Release|x86.Build.0 = Release|Win32
		{BFE316B3-BD90-433A-A20D-C73975F1CAA7}.ReleaseCommercial|x64.ActiveCfg = Release|Win32
		{BFE316B3-BD90-433A-A20D-C73975F1CAA7}.ReleaseCommercial|x64.Build.0 = Release|Win32
		{BFE316B3-BD90-433A-A20D-C73975F1CAA7}.ReleaseCommercial|x86.ActiveCfg = Release|Win32
		{BFE316B3-BD90-433A-A20D-C73975F1CAA7}.ReleaseCommercial|x86.Build.0 = Release|Win32
		{BFE316B3-BD90-433A-A20D-C73975F1CAA7}.ReleaseJava|x64.ActiveCfg = Release|Win32
		{BFE316B3-BD90-433A-A20D-C73975F1CAA7}.ReleaseJava|x64.Build.0 = Release|Win32
		{BFE316B3-BD90-433A-A20D-C73975F1CAA7}.ReleaseJava|x86.ActiveCfg = Release|Win32
		{BFE316B3-BD90-433A-A20D-C73975F1CAA7}.ReleaseJava|x86.Build.0 = Release|Win32
		{BFE316B3-BD90-433A-A20D-C73975F1CAA7}.ReleaseOpenSSL|x64.ActiveCfg = Release|Win32
		{BFE316B3-BD90-433A-A20D-C73975F1CAA7}.ReleaseOpenSSL|x64.Build.0 = Release|Win32
		{BFE316B3-BD90-433A-A20D-C73975F1CAA7}.ReleaseOpenSSL|x86.ActiveCfg = Release|Win32
		{BFE316B3-BD90-433A-A20D-C73975F1CAA7}.ReleaseOpenSSL|x86.Build.0 = Release|Win32
		{BFE316B3-BD90-433A-A20D-C73975F1CAA7}.ReleaseTesseract|x64.ActiveCfg = Release|Win32
		{BFE316B3-BD90-433A-A20D-C73975F1CAA7}.ReleaseTesseract|x64.Build.0 = Release|Win32
		{BFE316B3-BD90-433A-A20D-C73975F1CAA7}.ReleaseTesseract|x86.ActiveCfg = Release|Win32
		{BFE316B3-BD90-433A-A20D-C73975F1CAA7}.ReleaseTesseract|x86.Build.0 = Release|Win32
	EndGlobalSection
	GlobalSection(SolutionProperties) = preSolution
		HideSolutionNode = FALSE
	EndGlobalSection
	GlobalSection(ExtensibilityGlobals) = postSolution
		SolutionGuid = {538E898D-C774-4176-8998-E43C1CDED69E}
	EndGlobalSection
EndGlobal
